
Microsoft Visual Studio Solution File, Format Version 12.00
# Visual Studio 15
VisualStudioVersion = 15.0.28307.779
MinimumVisualStudioVersion = 10.0.40219.1
Project("{FAE04EC0-301F-11D3-BF4B-00C04F79EFBC}") = "coffee shop", "coffee shop\coffee shop.csproj", "{7AD5273B-7275-4198-A6FA-C359F8A770EE}"
EndProject
Global
	GlobalSection(SolutionConfigurationPlatforms) = preSolution
		Debug|Any CPU = Debug|Any CPU
		Release|Any CPU = Release|Any CPU
	EndGlobalSection
	GlobalSection(ProjectConfigurationPlatforms) = postSolution
		{7AD5273B-7275-4198-A6FA-C359F8A770EE}.Debug|Any CPU.ActiveCfg = Debug|Any CPU
		{7AD5273B-7275-4198-A6FA-C359F8A770EE}.Debug|Any CPU.Build.0 = Debug|Any CPU
		{7AD5273B-7275-4198-A6FA-C359F8A770EE}.Release|Any CPU.ActiveCfg = Release|Any CPU
		{7AD5273B-7275-4198-A6FA-C359F8A770EE}.Release|Any CPU.Build.0 = Release|Any CPU
	EndGlobalSection
	GlobalSection(SolutionProperties) = preSolution
		HideSolutionNode = FALSE
	EndGlobalSection
	GlobalSection(ExtensibilityGlobals) = postSolution
		SolutionGuid = {2B389EAA-2DB7-4F97-90C5-11790BAA036E}
	EndGlobalSection
EndGlobal
